// !$*UTF8*$!
{
	archiveVersion = 1;
	classes = {
	};
	objectVersion = 55;
	objects = {

/* Begin PBXBuildFile section */
		06A123B6E4FAFEE961A2EDFF /* Pods_CryptoApp.framework in Frameworks */ = {isa = PBXBuildFile; fileRef = C10DCE67CB80FBC2A4A0B8D1 /* Pods_CryptoApp.framework */; };
		9F05CC5927AEC32E00F05CA6 /* UIView+CornerRadius.swift in Sources */ = {isa = PBXBuildFile; fileRef = 9F05CC5827AEC32E00F05CA6 /* UIView+CornerRadius.swift */; };
		9F05CC5B27AEFC9500F05CA6 /* UIImageView+Rotation.swift in Sources */ = {isa = PBXBuildFile; fileRef = 9F05CC5A27AEFC9500F05CA6 /* UIImageView+Rotation.swift */; };
		9F05CC5D27AF20F400F05CA6 /* GlobalData.swift in Sources */ = {isa = PBXBuildFile; fileRef = 9F05CC5C27AF20F400F05CA6 /* GlobalData.swift */; };
		9F05CC6127AF211300F05CA6 /* GlobalDataResponse.swift in Sources */ = {isa = PBXBuildFile; fileRef = 9F05CC6027AF211300F05CA6 /* GlobalDataResponse.swift */; };
		9F4B89D527AAED1C0049CCBD /* AppDelegate.swift in Sources */ = {isa = PBXBuildFile; fileRef = 9F4B89D427AAED1C0049CCBD /* AppDelegate.swift */; };
		9F4B89D727AAED1C0049CCBD /* SceneDelegate.swift in Sources */ = {isa = PBXBuildFile; fileRef = 9F4B89D627AAED1C0049CCBD /* SceneDelegate.swift */; };
		9F4B89D927AAED1C0049CCBD /* DetailsVC.swift in Sources */ = {isa = PBXBuildFile; fileRef = 9F4B89D827AAED1C0049CCBD /* DetailsVC.swift */; };
		9F4B89DE27AAED1E0049CCBD /* Assets.xcassets in Resources */ = {isa = PBXBuildFile; fileRef = 9F4B89DD27AAED1E0049CCBD /* Assets.xcassets */; };
		9F4B89E127AAED1E0049CCBD /* LaunchScreen.storyboard in Resources */ = {isa = PBXBuildFile; fileRef = 9F4B89DF27AAED1E0049CCBD /* LaunchScreen.storyboard */; };
		9F4B89EC27AAF7A40049CCBD /* DetailsVM.swift in Sources */ = {isa = PBXBuildFile; fileRef = 9F4B89EB27AAF7A40049CCBD /* DetailsVM.swift */; };
		9F4B89F027AAFEEE0049CCBD /* UIColor+AppColors.swift in Sources */ = {isa = PBXBuildFile; fileRef = 9F4B89EF27AAFEEE0049CCBD /* UIColor+AppColors.swift */; };
		9F4B89F327AB29CA0049CCBD /* EndpointProtocol.swift in Sources */ = {isa = PBXBuildFile; fileRef = 9F4B89F227AB29CA0049CCBD /* EndpointProtocol.swift */; };
		9F4B89F527AB2A2C0049CCBD /* CoinGeckoEndpoint.swift in Sources */ = {isa = PBXBuildFile; fileRef = 9F4B89F427AB2A2C0049CCBD /* CoinGeckoEndpoint.swift */; };
		9F4B89F827AB2D7C0049CCBD /* CoinList.swift in Sources */ = {isa = PBXBuildFile; fileRef = 9F4B89F727AB2D7C0049CCBD /* CoinList.swift */; };
		9F4B89FA27AB31990049CCBD /* NetworkEngine.swift in Sources */ = {isa = PBXBuildFile; fileRef = 9F4B89F927AB31990049CCBD /* NetworkEngine.swift */; };
		9F4B89FF27AB3A260049CCBD /* ObservableObject.swift in Sources */ = {isa = PBXBuildFile; fileRef = 9F4B89FE27AB3A260049CCBD /* ObservableObject.swift */; };
		9F4B8A0527AC65950049CCBD /* HomeVC.swift in Sources */ = {isa = PBXBuildFile; fileRef = 9F4B8A0427AC65950049CCBD /* HomeVC.swift */; };
		9F4B8A0727AC65A00049CCBD /* HomeVM.swift in Sources */ = {isa = PBXBuildFile; fileRef = 9F4B8A0627AC65A00049CCBD /* HomeVM.swift */; };
		9F4B8A0C27AC65FD0049CCBD /* CryptoListTableViewCell.swift in Sources */ = {isa = PBXBuildFile; fileRef = 9F4B8A0B27AC65FD0049CCBD /* CryptoListTableViewCell.swift */; };
		9F4B8A0E27AC672C0049CCBD /* CryptoListCellVM.swift in Sources */ = {isa = PBXBuildFile; fileRef = 9F4B8A0D27AC672C0049CCBD /* CryptoListCellVM.swift */; };
		9F4B8A1227AC92C20049CCBD /* UIImageView+Fetching.swift in Sources */ = {isa = PBXBuildFile; fileRef = 9F4B8A1127AC92C20049CCBD /* UIImageView+Fetching.swift */; };
		9F4B8A1527AC92E20049CCBD /* ImageStorage.swift in Sources */ = {isa = PBXBuildFile; fileRef = 9F4B8A1427AC92E20049CCBD /* ImageStorage.swift */; };
		9F4E35C727B3175800CDFB7E /* NavigationService.swift in Sources */ = {isa = PBXBuildFile; fileRef = 9F4E35C627B3175800CDFB7E /* NavigationService.swift */; };
		9F4E35CD27B33DC000CDFB7E /* CoinData.swift in Sources */ = {isa = PBXBuildFile; fileRef = 9F4E35CC27B33DC000CDFB7E /* CoinData.swift */; };
		9F4E35D127B4234700CDFB7E /* Charts+CustomizedChart.swift in Sources */ = {isa = PBXBuildFile; fileRef = 9F4E35D027B4234700CDFB7E /* Charts+CustomizedChart.swift */; };
		9F4E35D327B46CEB00CDFB7E /* String+RemoveHTML.swift in Sources */ = {isa = PBXBuildFile; fileRef = 9F4E35D227B46CEB00CDFB7E /* String+RemoveHTML.swift */; };
		9F5E867727B05384009CF90F /* NotificationCenter+Name.swift in Sources */ = {isa = PBXBuildFile; fileRef = 9F5E867627B05384009CF90F /* NotificationCenter+Name.swift */; };
		9F5E867927B05B8F009CF90F /* UIView+RotatingAnimation.swift in Sources */ = {isa = PBXBuildFile; fileRef = 9F5E867827B05B8F009CF90F /* UIView+RotatingAnimation.swift */; };
		9F5F501527ADC4C500B61B59 /* Double+CurrencyFormatter.swift in Sources */ = {isa = PBXBuildFile; fileRef = 9F5F501427ADC4C500B61B59 /* Double+CurrencyFormatter.swift */; };
		9F5F501727ADD96500B61B59 /* String+FirstChar.swift in Sources */ = {isa = PBXBuildFile; fileRef = 9F5F501627ADD96500B61B59 /* String+FirstChar.swift */; };
/* End PBXBuildFile section */

/* Begin PBXFileReference section */
		14FF271669064C9235F4EA77 /* Pods-CryptoApp.debug.xcconfig */ = {isa = PBXFileReference; includeInIndex = 1; lastKnownFileType = text.xcconfig; name = "Pods-CryptoApp.debug.xcconfig"; path = "Target Support Files/Pods-CryptoApp/Pods-CryptoApp.debug.xcconfig"; sourceTree = "<group>"; };
		402A5457FEDD289D6A1DC2E5 /* Pods-CryptoApp.release.xcconfig */ = {isa = PBXFileReference; includeInIndex = 1; lastKnownFileType = text.xcconfig; name = "Pods-CryptoApp.release.xcconfig"; path = "Target Support Files/Pods-CryptoApp/Pods-CryptoApp.release.xcconfig"; sourceTree = "<group>"; };
		9F05CC5827AEC32E00F05CA6 /* UIView+CornerRadius.swift */ = {isa = PBXFileReference; lastKnownFileType = sourcecode.swift; path = "UIView+CornerRadius.swift"; sourceTree = "<group>"; };
		9F05CC5A27AEFC9500F05CA6 /* UIImageView+Rotation.swift */ = {isa = PBXFileReference; lastKnownFileType = sourcecode.swift; path = "UIImageView+Rotation.swift"; sourceTree = "<group>"; };
		9F05CC5C27AF20F400F05CA6 /* GlobalData.swift */ = {isa = PBXFileReference; lastKnownFileType = sourcecode.swift; path = GlobalData.swift; sourceTree = "<group>"; };
		9F05CC6027AF211300F05CA6 /* GlobalDataResponse.swift */ = {isa = PBXFileReference; lastKnownFileType = sourcecode.swift; path = GlobalDataResponse.swift; sourceTree = "<group>"; };
		9F4B89D127AAED1C0049CCBD /* CryptoApp.app */ = {isa = PBXFileReference; explicitFileType = wrapper.application; includeInIndex = 0; path = CryptoApp.app; sourceTree = BUILT_PRODUCTS_DIR; };
		9F4B89D427AAED1C0049CCBD /* AppDelegate.swift */ = {isa = PBXFileReference; lastKnownFileType = sourcecode.swift; path = AppDelegate.swift; sourceTree = "<group>"; };
		9F4B89D627AAED1C0049CCBD /* SceneDelegate.swift */ = {isa = PBXFileReference; lastKnownFileType = sourcecode.swift; path = SceneDelegate.swift; sourceTree = "<group>"; };
		9F4B89D827AAED1C0049CCBD /* DetailsVC.swift */ = {isa = PBXFileReference; lastKnownFileType = sourcecode.swift; path = DetailsVC.swift; sourceTree = "<group>"; };
		9F4B89DD27AAED1E0049CCBD /* Assets.xcassets */ = {isa = PBXFileReference; lastKnownFileType = folder.assetcatalog; path = Assets.xcassets; sourceTree = "<group>"; };
		9F4B89E027AAED1E0049CCBD /* Base */ = {isa = PBXFileReference; lastKnownFileType = file.storyboard; name = Base; path = Base.lproj/LaunchScreen.storyboard; sourceTree = "<group>"; };
		9F4B89E227AAED1E0049CCBD /* Info.plist */ = {isa = PBXFileReference; lastKnownFileType = text.plist.xml; path = Info.plist; sourceTree = "<group>"; };
		9F4B89EB27AAF7A40049CCBD /* DetailsVM.swift */ = {isa = PBXFileReference; lastKnownFileType = sourcecode.swift; path = DetailsVM.swift; sourceTree = "<group>"; };
		9F4B89EF27AAFEEE0049CCBD /* UIColor+AppColors.swift */ = {isa = PBXFileReference; lastKnownFileType = sourcecode.swift; path = "UIColor+AppColors.swift"; sourceTree = "<group>"; };
		9F4B89F227AB29CA0049CCBD /* EndpointProtocol.swift */ = {isa = PBXFileReference; lastKnownFileType = sourcecode.swift; path = EndpointProtocol.swift; sourceTree = "<group>"; };
		9F4B89F427AB2A2C0049CCBD /* CoinGeckoEndpoint.swift */ = {isa = PBXFileReference; lastKnownFileType = sourcecode.swift; path = CoinGeckoEndpoint.swift; sourceTree = "<group>"; };
		9F4B89F727AB2D7C0049CCBD /* CoinList.swift */ = {isa = PBXFileReference; lastKnownFileType = sourcecode.swift; path = CoinList.swift; sourceTree = "<group>"; };
		9F4B89F927AB31990049CCBD /* NetworkEngine.swift */ = {isa = PBXFileReference; lastKnownFileType = sourcecode.swift; path = NetworkEngine.swift; sourceTree = "<group>"; };
		9F4B89FE27AB3A260049CCBD /* ObservableObject.swift */ = {isa = PBXFileReference; lastKnownFileType = sourcecode.swift; path = ObservableObject.swift; sourceTree = "<group>"; };
		9F4B8A0427AC65950049CCBD /* HomeVC.swift */ = {isa = PBXFileReference; lastKnownFileType = sourcecode.swift; path = HomeVC.swift; sourceTree = "<group>"; };
		9F4B8A0627AC65A00049CCBD /* HomeVM.swift */ = {isa = PBXFileReference; lastKnownFileType = sourcecode.swift; path = HomeVM.swift; sourceTree = "<group>"; };
		9F4B8A0B27AC65FD0049CCBD /* CryptoListTableViewCell.swift */ = {isa = PBXFileReference; lastKnownFileType = sourcecode.swift; path = CryptoListTableViewCell.swift; sourceTree = "<group>"; };
		9F4B8A0D27AC672C0049CCBD /* CryptoListCellVM.swift */ = {isa = PBXFileReference; lastKnownFileType = sourcecode.swift; path = CryptoListCellVM.swift; sourceTree = "<group>"; };
		9F4B8A1127AC92C20049CCBD /* UIImageView+Fetching.swift */ = {isa = PBXFileReference; lastKnownFileType = sourcecode.swift; path = "UIImageView+Fetching.swift"; sourceTree = "<group>"; };
		9F4B8A1427AC92E20049CCBD /* ImageStorage.swift */ = {isa = PBXFileReference; lastKnownFileType = sourcecode.swift; path = ImageStorage.swift; sourceTree = "<group>"; };
		9F4E35C627B3175800CDFB7E /* NavigationService.swift */ = {isa = PBXFileReference; lastKnownFileType = sourcecode.swift; path = NavigationService.swift; sourceTree = "<group>"; };
		9F4E35CC27B33DC000CDFB7E /* CoinData.swift */ = {isa = PBXFileReference; lastKnownFileType = sourcecode.swift; path = CoinData.swift; sourceTree = "<group>"; };
		9F4E35D027B4234700CDFB7E /* Charts+CustomizedChart.swift */ = {isa = PBXFileReference; lastKnownFileType = sourcecode.swift; path = "Charts+CustomizedChart.swift"; sourceTree = "<group>"; };
		9F4E35D227B46CEB00CDFB7E /* String+RemoveHTML.swift */ = {isa = PBXFileReference; lastKnownFileType = sourcecode.swift; path = "String+RemoveHTML.swift"; sourceTree = "<group>"; };
		9F5E867627B05384009CF90F /* NotificationCenter+Name.swift */ = {isa = PBXFileReference; lastKnownFileType = sourcecode.swift; path = "NotificationCenter+Name.swift"; sourceTree = "<group>"; };
		9F5E867827B05B8F009CF90F /* UIView+RotatingAnimation.swift */ = {isa = PBXFileReference; lastKnownFileType = sourcecode.swift; path = "UIView+RotatingAnimation.swift"; sourceTree = "<group>"; };
		9F5F501427ADC4C500B61B59 /* Double+CurrencyFormatter.swift */ = {isa = PBXFileReference; lastKnownFileType = sourcecode.swift; path = "Double+CurrencyFormatter.swift"; sourceTree = "<group>"; };
		9F5F501627ADD96500B61B59 /* String+FirstChar.swift */ = {isa = PBXFileReference; lastKnownFileType = sourcecode.swift; path = "String+FirstChar.swift"; sourceTree = "<group>"; };
		C10DCE67CB80FBC2A4A0B8D1 /* Pods_CryptoApp.framework */ = {isa = PBXFileReference; explicitFileType = wrapper.framework; includeInIndex = 0; path = Pods_CryptoApp.framework; sourceTree = BUILT_PRODUCTS_DIR; };
/* End PBXFileReference section */

/* Begin PBXFrameworksBuildPhase section */
		9F4B89CE27AAED1C0049CCBD /* Frameworks */ = {
			isa = PBXFrameworksBuildPhase;
			buildActionMask = 2147483647;
			files = (
				06A123B6E4FAFEE961A2EDFF /* Pods_CryptoApp.framework in Frameworks */,
			);
			runOnlyForDeploymentPostprocessing = 0;
		};
/* End PBXFrameworksBuildPhase section */

/* Begin PBXGroup section */
		58246EA6476E3CD9F41888FC /* Frameworks */ = {
			isa = PBXGroup;
			children = (
				C10DCE67CB80FBC2A4A0B8D1 /* Pods_CryptoApp.framework */,
			);
			name = Frameworks;
			sourceTree = "<group>";
		};
		9F4B89C827AAED1C0049CCBD = {
			isa = PBXGroup;
			children = (
				9F4B89D327AAED1C0049CCBD /* CryptoApp */,
				9F4B89D227AAED1C0049CCBD /* Products */,
				ADB63642B94F71BEB8BA4D17 /* Pods */,
				58246EA6476E3CD9F41888FC /* Frameworks */,
			);
			sourceTree = "<group>";
		};
		9F4B89D227AAED1C0049CCBD /* Products */ = {
			isa = PBXGroup;
			children = (
				9F4B89D127AAED1C0049CCBD /* CryptoApp.app */,
			);
			name = Products;
			sourceTree = "<group>";
		};
		9F4B89D327AAED1C0049CCBD /* CryptoApp */ = {
			isa = PBXGroup;
			children = (
				9F4B8A1827ACB4AA0049CCBD /* Domain */,
				9F4B8A1627ACB3A70049CCBD /* Infrastructure */,
				9F4B8A1727ACB4040049CCBD /* Presentation */,
				9F4B89DD27AAED1E0049CCBD /* Assets.xcassets */,
				9F4B89E227AAED1E0049CCBD /* Info.plist */,
			);
			path = CryptoApp;
			sourceTree = "<group>";
		};
		9F4B89E827AAF74C0049CCBD /* Scenes */ = {
			isa = PBXGroup;
			children = (
				9F4B89DF27AAED1E0049CCBD /* LaunchScreen.storyboard */,
				9F4B8A0327AC65720049CCBD /* Home */,
				9F4B89E927AAF7530049CCBD /* Details */,
			);
			path = Scenes;
			sourceTree = "<group>";
		};
		9F4B89E927AAF7530049CCBD /* Details */ = {
			isa = PBXGroup;
			children = (
				9F4E35C527B316E500CDFB7E /* View */,
				9F4E35C427B316D900CDFB7E /* ViewModel */,
			);
			path = Details;
			sourceTree = "<group>";
		};
		9F4B89EA27AAF75F0049CCBD /* Root */ = {
			isa = PBXGroup;
			children = (
				9F4B89D427AAED1C0049CCBD /* AppDelegate.swift */,
				9F4B89D627AAED1C0049CCBD /* SceneDelegate.swift */,
			);
			path = Root;
			sourceTree = "<group>";
		};
		9F4B89EE27AAFEDB0049CCBD /* Extensions */ = {
			isa = PBXGroup;
			children = (
				9F4B89EF27AAFEEE0049CCBD /* UIColor+AppColors.swift */,
				9F4B8A1127AC92C20049CCBD /* UIImageView+Fetching.swift */,
				9F5F501427ADC4C500B61B59 /* Double+CurrencyFormatter.swift */,
				9F5F501627ADD96500B61B59 /* String+FirstChar.swift */,
				9F05CC5827AEC32E00F05CA6 /* UIView+CornerRadius.swift */,
				9F05CC5A27AEFC9500F05CA6 /* UIImageView+Rotation.swift */,
				9F5E867627B05384009CF90F /* NotificationCenter+Name.swift */,
				9F5E867827B05B8F009CF90F /* UIView+RotatingAnimation.swift */,
				9F4E35D027B4234700CDFB7E /* Charts+CustomizedChart.swift */,
				9F4E35D227B46CEB00CDFB7E /* String+RemoveHTML.swift */,
			);
			path = Extensions;
			sourceTree = "<group>";
		};
		9F4B89F127AB29BA0049CCBD /* Networking */ = {
			isa = PBXGroup;
			children = (
				9F4B89F227AB29CA0049CCBD /* EndpointProtocol.swift */,
				9F4B89F427AB2A2C0049CCBD /* CoinGeckoEndpoint.swift */,
				9F4B89F927AB31990049CCBD /* NetworkEngine.swift */,
			);
			path = Networking;
			sourceTree = "<group>";
		};
		9F4B89F627AB2CB60049CCBD /* Entities */ = {
			isa = PBXGroup;
			children = (
				9F4B89F727AB2D7C0049CCBD /* CoinList.swift */,
				9F05CC5C27AF20F400F05CA6 /* GlobalData.swift */,
				9F05CC6027AF211300F05CA6 /* GlobalDataResponse.swift */,
				9F4E35CC27B33DC000CDFB7E /* CoinData.swift */,
			);
			path = Entities;
			sourceTree = "<group>";
		};
		9F4B89FD27AB3A1A0049CCBD /* Utilities */ = {
			isa = PBXGroup;
			children = (
				9F4B89FE27AB3A260049CCBD /* ObservableObject.swift */,
			);
			path = Utilities;
			sourceTree = "<group>";
		};
		9F4B8A0327AC65720049CCBD /* Home */ = {
			isa = PBXGroup;
			children = (
				9F4B8A0927AC65BC0049CCBD /* ViewModel */,
				9F4B8A0827AC65AB0049CCBD /* View */,
			);
			path = Home;
			sourceTree = "<group>";
		};
		9F4B8A0827AC65AB0049CCBD /* View */ = {
			isa = PBXGroup;
			children = (
				9F4B8A0427AC65950049CCBD /* HomeVC.swift */,
				9F5F501227AD767200B61B59 /* CryptoListTableView */,
			);
			path = View;
			sourceTree = "<group>";
		};
		9F4B8A0927AC65BC0049CCBD /* ViewModel */ = {
			isa = PBXGroup;
			children = (
				9F4B8A0627AC65A00049CCBD /* HomeVM.swift */,
				9F4B8A0D27AC672C0049CCBD /* CryptoListCellVM.swift */,
			);
			path = ViewModel;
			sourceTree = "<group>";
		};
		9F4B8A1327AC92CE0049CCBD /* Cache */ = {
			isa = PBXGroup;
			children = (
				9F4B8A1427AC92E20049CCBD /* ImageStorage.swift */,
			);
			path = Cache;
			sourceTree = "<group>";
		};
		9F4B8A1627ACB3A70049CCBD /* Infrastructure */ = {
			isa = PBXGroup;
			children = (
				9F4E35C927B3288900CDFB7E /* Protocols */,
				9F4E35C827B3186700CDFB7E /* Navigation */,
				9F4B89EA27AAF75F0049CCBD /* Root */,
				9F4B89FD27AB3A1A0049CCBD /* Utilities */,
				9F4B89EE27AAFEDB0049CCBD /* Extensions */,
				9F4B8A1327AC92CE0049CCBD /* Cache */,
				9F4B89F127AB29BA0049CCBD /* Networking */,
			);
			path = Infrastructure;
			sourceTree = "<group>";
		};
		9F4B8A1727ACB4040049CCBD /* Presentation */ = {
			isa = PBXGroup;
			children = (
				9F4B89E827AAF74C0049CCBD /* Scenes */,
			);
			path = Presentation;
			sourceTree = "<group>";
		};
		9F4B8A1827ACB4AA0049CCBD /* Domain */ = {
			isa = PBXGroup;
			children = (
				9F4B89F627AB2CB60049CCBD /* Entities */,
			);
			path = Domain;
			sourceTree = "<group>";
		};
		9F4E35C427B316D900CDFB7E /* ViewModel */ = {
			isa = PBXGroup;
			children = (
				9F4B89EB27AAF7A40049CCBD /* DetailsVM.swift */,
			);
			path = ViewModel;
			sourceTree = "<group>";
		};
		9F4E35C527B316E500CDFB7E /* View */ = {
			isa = PBXGroup;
			children = (
				9F4B89D827AAED1C0049CCBD /* DetailsVC.swift */,
			);
			path = View;
			sourceTree = "<group>";
		};
		9F4E35C827B3186700CDFB7E /* Navigation */ = {
			isa = PBXGroup;
			children = (
				9F4E35C627B3175800CDFB7E /* NavigationService.swift */,
			);
			path = Navigation;
			sourceTree = "<group>";
		};
		9F4E35C927B3288900CDFB7E /* Protocols */ = {
			isa = PBXGroup;
			children = (
			);
			path = Protocols;
			sourceTree = "<group>";
		};
		9F5F501227AD767200B61B59 /* CryptoListTableView */ = {
			isa = PBXGroup;
			children = (
				9F5F501327AD769600B61B59 /* Cells */,
			);
			path = CryptoListTableView;
			sourceTree = "<group>";
		};
		9F5F501327AD769600B61B59 /* Cells */ = {
			isa = PBXGroup;
			children = (
				9F4B8A0B27AC65FD0049CCBD /* CryptoListTableViewCell.swift */,
			);
			path = Cells;
			sourceTree = "<group>";
		};
		ADB63642B94F71BEB8BA4D17 /* Pods */ = {
			isa = PBXGroup;
			children = (
				14FF271669064C9235F4EA77 /* Pods-CryptoApp.debug.xcconfig */,
				402A5457FEDD289D6A1DC2E5 /* Pods-CryptoApp.release.xcconfig */,
			);
			path = Pods;
			sourceTree = "<group>";
		};
/* End PBXGroup section */

/* Begin PBXNativeTarget section */
		9F4B89D027AAED1C0049CCBD /* CryptoApp */ = {
			isa = PBXNativeTarget;
			buildConfigurationList = 9F4B89E527AAED1E0049CCBD /* Build configuration list for PBXNativeTarget "CryptoApp" */;
			buildPhases = (
				3895B255B131DB83CF1EED7C /* [CP] Check Pods Manifest.lock */,
				9F4B89CD27AAED1C0049CCBD /* Sources */,
				9F4B89CE27AAED1C0049CCBD /* Frameworks */,
				9F4B89CF27AAED1C0049CCBD /* Resources */,
				3C09716E2E6CBF151D56F114 /* [CP] Embed Pods Frameworks */,
			);
			buildRules = (
			);
			dependencies = (
			);
			name = CryptoApp;
			productName = CryptoApp;
			productReference = 9F4B89D127AAED1C0049CCBD /* CryptoApp.app */;
			productType = "com.apple.product-type.application";
		};
/* End PBXNativeTarget section */

/* Begin PBXProject section */
		9F4B89C927AAED1C0049CCBD /* Project object */ = {
			isa = PBXProject;
			attributes = {
				BuildIndependentTargetsInParallel = 1;
				LastSwiftUpdateCheck = 1320;
				LastUpgradeCheck = 1320;
				TargetAttributes = {
					9F4B89D027AAED1C0049CCBD = {
						CreatedOnToolsVersion = 13.2;
					};
				};
			};
			buildConfigurationList = 9F4B89CC27AAED1C0049CCBD /* Build configuration list for PBXProject "CryptoApp" */;
			compatibilityVersion = "Xcode 13.0";
			developmentRegion = en;
			hasScannedForEncodings = 0;
			knownRegions = (
				en,
				Base,
			);
			mainGroup = 9F4B89C827AAED1C0049CCBD;
			productRefGroup = 9F4B89D227AAED1C0049CCBD /* Products */;
			projectDirPath = "";
			projectRoot = "";
			targets = (
				9F4B89D027AAED1C0049CCBD /* CryptoApp */,
			);
		};
/* End PBXProject section */

/* Begin PBXResourcesBuildPhase section */
		9F4B89CF27AAED1C0049CCBD /* Resources */ = {
			isa = PBXResourcesBuildPhase;
			buildActionMask = 2147483647;
			files = (
				9F4B89E127AAED1E0049CCBD /* LaunchScreen.storyboard in Resources */,
				9F4B89DE27AAED1E0049CCBD /* Assets.xcassets in Resources */,
			);
			runOnlyForDeploymentPostprocessing = 0;
		};
/* End PBXResourcesBuildPhase section */

/* Begin PBXShellScriptBuildPhase section */
		3895B255B131DB83CF1EED7C /* [CP] Check Pods Manifest.lock */ = {
			isa = PBXShellScriptBuildPhase;
			buildActionMask = 2147483647;
			files = (
			);
			inputFileListPaths = (
			);
			inputPaths = (
				"${PODS_PODFILE_DIR_PATH}/Podfile.lock",
				"${PODS_ROOT}/Manifest.lock",
			);
			name = "[CP] Check Pods Manifest.lock";
			outputFileListPaths = (
			);
			outputPaths = (
				"$(DERIVED_FILE_DIR)/Pods-CryptoApp-checkManifestLockResult.txt",
			);
			runOnlyForDeploymentPostprocessing = 0;
			shellPath = /bin/sh;
			shellScript = "diff \"${PODS_PODFILE_DIR_PATH}/Podfile.lock\" \"${PODS_ROOT}/Manifest.lock\" > /dev/null\nif [ $? != 0 ] ; then\n    # print error to STDERR\n    echo \"error: The sandbox is not in sync with the Podfile.lock. Run 'pod install' or update your CocoaPods installation.\" >&2\n    exit 1\nfi\n# This output is used by Xcode 'outputs' to avoid re-running this script phase.\necho \"SUCCESS\" > \"${SCRIPT_OUTPUT_FILE_0}\"\n";
			showEnvVarsInLog = 0;
		};
		3C09716E2E6CBF151D56F114 /* [CP] Embed Pods Frameworks */ = {
			isa = PBXShellScriptBuildPhase;
			buildActionMask = 2147483647;
			files = (
			);
			inputFileListPaths = (
				"${PODS_ROOT}/Target Support Files/Pods-CryptoApp/Pods-CryptoApp-frameworks-${CONFIGURATION}-input-files.xcfilelist",
			);
			name = "[CP] Embed Pods Frameworks";
			outputFileListPaths = (
				"${PODS_ROOT}/Target Support Files/Pods-CryptoApp/Pods-CryptoApp-frameworks-${CONFIGURATION}-output-files.xcfilelist",
			);
			runOnlyForDeploymentPostprocessing = 0;
			shellPath = /bin/sh;
			shellScript = "\"${PODS_ROOT}/Target Support Files/Pods-CryptoApp/Pods-CryptoApp-frameworks.sh\"\n";
			showEnvVarsInLog = 0;
		};
/* End PBXShellScriptBuildPhase section */

/* Begin PBXSourcesBuildPhase section */
		9F4B89CD27AAED1C0049CCBD /* Sources */ = {
			isa = PBXSourcesBuildPhase;
			buildActionMask = 2147483647;
			files = (
				9F4E35CD27B33DC000CDFB7E /* CoinData.swift in Sources */,
				9F4B89F327AB29CA0049CCBD /* EndpointProtocol.swift in Sources */,
				9F4B8A0527AC65950049CCBD /* HomeVC.swift in Sources */,
				9F4B89F527AB2A2C0049CCBD /* CoinGeckoEndpoint.swift in Sources */,
				9F4B8A0E27AC672C0049CCBD /* CryptoListCellVM.swift in Sources */,
				9F4B89D927AAED1C0049CCBD /* DetailsVC.swift in Sources */,
				9F05CC5B27AEFC9500F05CA6 /* UIImageView+Rotation.swift in Sources */,
				9F4B8A1227AC92C20049CCBD /* UIImageView+Fetching.swift in Sources */,
				9F4B8A0727AC65A00049CCBD /* HomeVM.swift in Sources */,
				9F4B89F027AAFEEE0049CCBD /* UIColor+AppColors.swift in Sources */,
				9F5F501727ADD96500B61B59 /* String+FirstChar.swift in Sources */,
				9F05CC5D27AF20F400F05CA6 /* GlobalData.swift in Sources */,
				9F05CC5927AEC32E00F05CA6 /* UIView+CornerRadius.swift in Sources */,
				9F05CC6127AF211300F05CA6 /* GlobalDataResponse.swift in Sources */,
				9F4B8A0C27AC65FD0049CCBD /* CryptoListTableViewCell.swift in Sources */,
				9F4B89FF27AB3A260049CCBD /* ObservableObject.swift in Sources */,
				9F5F501527ADC4C500B61B59 /* Double+CurrencyFormatter.swift in Sources */,
				9F5E867727B05384009CF90F /* NotificationCenter+Name.swift in Sources */,
				9F4B8A1527AC92E20049CCBD /* ImageStorage.swift in Sources */,
				9F4E35D127B4234700CDFB7E /* Charts+CustomizedChart.swift in Sources */,
				9F4B89D527AAED1C0049CCBD /* AppDelegate.swift in Sources */,
				9F4B89FA27AB31990049CCBD /* NetworkEngine.swift in Sources */,
				9F4E35C727B3175800CDFB7E /* NavigationService.swift in Sources */,
				9F4E35D327B46CEB00CDFB7E /* String+RemoveHTML.swift in Sources */,
				9F4B89F827AB2D7C0049CCBD /* CoinList.swift in Sources */,
				9F5E867927B05B8F009CF90F /* UIView+RotatingAnimation.swift in Sources */,
				9F4B89D727AAED1C0049CCBD /* SceneDelegate.swift in Sources */,
				9F4B89EC27AAF7A40049CCBD /* DetailsVM.swift in Sources */,
			);
			runOnlyForDeploymentPostprocessing = 0;
		};
/* End PBXSourcesBuildPhase section */

/* Begin PBXVariantGroup section */
		9F4B89DF27AAED1E0049CCBD /* LaunchScreen.storyboard */ = {
			isa = PBXVariantGroup;
			children = (
				9F4B89E027AAED1E0049CCBD /* Base */,
			);
			name = LaunchScreen.storyboard;
			sourceTree = "<group>";
		};
/* End PBXVariantGroup section */

/* Begin XCBuildConfiguration section */
		9F4B89E327AAED1E0049CCBD /* Debug */ = {
			isa = XCBuildConfiguration;
			buildSettings = {
				ALWAYS_SEARCH_USER_PATHS = NO;
				CLANG_ANALYZER_NONNULL = YES;
				CLANG_ANALYZER_NUMBER_OBJECT_CONVERSION = YES_AGGRESSIVE;
				CLANG_CXX_LANGUAGE_STANDARD = "gnu++17";
				CLANG_CXX_LIBRARY = "libc++";
				CLANG_ENABLE_MODULES = YES;
				CLANG_ENABLE_OBJC_ARC = YES;
				CLANG_ENABLE_OBJC_WEAK = YES;
				CLANG_WARN_BLOCK_CAPTURE_AUTORELEASING = YES;
				CLANG_WARN_BOOL_CONVERSION = YES;
				CLANG_WARN_COMMA = YES;
				CLANG_WARN_CONSTANT_CONVERSION = YES;
				CLANG_WARN_DEPRECATED_OBJC_IMPLEMENTATIONS = YES;
				CLANG_WARN_DIRECT_OBJC_ISA_USAGE = YES_ERROR;
				CLANG_WARN_DOCUMENTATION_COMMENTS = YES;
				CLANG_WARN_EMPTY_BODY = YES;
				CLANG_WARN_ENUM_CONVERSION = YES;
				CLANG_WARN_INFINITE_RECURSION = YES;
				CLANG_WARN_INT_CONVERSION = YES;
				CLANG_WARN_NON_LITERAL_NULL_CONVERSION = YES;
				CLANG_WARN_OBJC_IMPLICIT_RETAIN_SELF = YES;
				CLANG_WARN_OBJC_LITERAL_CONVERSION = YES;
				CLANG_WARN_OBJC_ROOT_CLASS = YES_ERROR;
				CLANG_WARN_QUOTED_INCLUDE_IN_FRAMEWORK_HEADER = YES;
				CLANG_WARN_RANGE_LOOP_ANALYSIS = YES;
				CLANG_WARN_STRICT_PROTOTYPES = YES;
				CLANG_WARN_SUSPICIOUS_MOVE = YES;
				CLANG_WARN_UNGUARDED_AVAILABILITY = YES_AGGRESSIVE;
				CLANG_WARN_UNREACHABLE_CODE = YES;
				CLANG_WARN__DUPLICATE_METHOD_MATCH = YES;
				COPY_PHASE_STRIP = NO;
				DEBUG_INFORMATION_FORMAT = dwarf;
				ENABLE_STRICT_OBJC_MSGSEND = YES;
				ENABLE_TESTABILITY = YES;
				GCC_C_LANGUAGE_STANDARD = gnu11;
				GCC_DYNAMIC_NO_PIC = NO;
				GCC_NO_COMMON_BLOCKS = YES;
				GCC_OPTIMIZATION_LEVEL = 0;
				GCC_PREPROCESSOR_DEFINITIONS = (
					"DEBUG=1",
					"$(inherited)",
				);
				GCC_WARN_64_TO_32_BIT_CONVERSION = YES;
				GCC_WARN_ABOUT_RETURN_TYPE = YES_ERROR;
				GCC_WARN_UNDECLARED_SELECTOR = YES;
				GCC_WARN_UNINITIALIZED_AUTOS = YES_AGGRESSIVE;
				GCC_WARN_UNUSED_FUNCTION = YES;
				GCC_WARN_UNUSED_VARIABLE = YES;
				IPHONEOS_DEPLOYMENT_TARGET = 15.2;
				MTL_ENABLE_DEBUG_INFO = INCLUDE_SOURCE;
				MTL_FAST_MATH = YES;
				ONLY_ACTIVE_ARCH = YES;
				SDKROOT = iphoneos;
				SWIFT_ACTIVE_COMPILATION_CONDITIONS = DEBUG;
				SWIFT_OPTIMIZATION_LEVEL = "-Onone";
			};
			name = Debug;
		};
		9F4B89E427AAED1E0049CCBD /* Release */ = {
			isa = XCBuildConfiguration;
			buildSettings = {
				ALWAYS_SEARCH_USER_PATHS = NO;
				CLANG_ANALYZER_NONNULL = YES;
				CLANG_ANALYZER_NUMBER_OBJECT_CONVERSION = YES_AGGRESSIVE;
				CLANG_CXX_LANGUAGE_STANDARD = "gnu++17";
				CLANG_CXX_LIBRARY = "libc++";
				CLANG_ENABLE_MODULES = YES;
				CLANG_ENABLE_OBJC_ARC = YES;
				CLANG_ENABLE_OBJC_WEAK = YES;
				CLANG_WARN_BLOCK_CAPTURE_AUTORELEASING = YES;
				CLANG_WARN_BOOL_CONVERSION = YES;
				CLANG_WARN_COMMA = YES;
				CLANG_WARN_CONSTANT_CONVERSION = YES;
				CLANG_WARN_DEPRECATED_OBJC_IMPLEMENTATIONS = YES;
				CLANG_WARN_DIRECT_OBJC_ISA_USAGE = YES_ERROR;
				CLANG_WARN_DOCUMENTATION_COMMENTS = YES;
				CLANG_WARN_EMPTY_BODY = YES;
				CLANG_WARN_ENUM_CONVERSION = YES;
				CLANG_WARN_INFINITE_RECURSION = YES;
				CLANG_WARN_INT_CONVERSION = YES;
				CLANG_WARN_NON_LITERAL_NULL_CONVERSION = YES;
				CLANG_WARN_OBJC_IMPLICIT_RETAIN_SELF = YES;
				CLANG_WARN_OBJC_LITERAL_CONVERSION = YES;
				CLANG_WARN_OBJC_ROOT_CLASS = YES_ERROR;
				CLANG_WARN_QUOTED_INCLUDE_IN_FRAMEWORK_HEADER = YES;
				CLANG_WARN_RANGE_LOOP_ANALYSIS = YES;
				CLANG_WARN_STRICT_PROTOTYPES = YES;
				CLANG_WARN_SUSPICIOUS_MOVE = YES;
				CLANG_WARN_UNGUARDED_AVAILABILITY = YES_AGGRESSIVE;
				CLANG_WARN_UNREACHABLE_CODE = YES;
				CLANG_WARN__DUPLICATE_METHOD_MATCH = YES;
				COPY_PHASE_STRIP = NO;
				DEBUG_INFORMATION_FORMAT = "dwarf-with-dsym";
				ENABLE_NS_ASSERTIONS = NO;
				ENABLE_STRICT_OBJC_MSGSEND = YES;
				GCC_C_LANGUAGE_STANDARD = gnu11;
				GCC_NO_COMMON_BLOCKS = YES;
				GCC_WARN_64_TO_32_BIT_CONVERSION = YES;
				GCC_WARN_ABOUT_RETURN_TYPE = YES_ERROR;
				GCC_WARN_UNDECLARED_SELECTOR = YES;
				GCC_WARN_UNINITIALIZED_AUTOS = YES_AGGRESSIVE;
				GCC_WARN_UNUSED_FUNCTION = YES;
				GCC_WARN_UNUSED_VARIABLE = YES;
				IPHONEOS_DEPLOYMENT_TARGET = 15.2;
				MTL_ENABLE_DEBUG_INFO = NO;
				MTL_FAST_MATH = YES;
				SDKROOT = iphoneos;
				SWIFT_COMPILATION_MODE = wholemodule;
				SWIFT_OPTIMIZATION_LEVEL = "-O";
				VALIDATE_PRODUCT = YES;
			};
			name = Release;
		};
		9F4B89E627AAED1E0049CCBD /* Debug */ = {
			isa = XCBuildConfiguration;
			baseConfigurationReference = 14FF271669064C9235F4EA77 /* Pods-CryptoApp.debug.xcconfig */;
			buildSettings = {
				ASSETCATALOG_COMPILER_APPICON_NAME = AppIcon;
				ASSETCATALOG_COMPILER_GLOBAL_ACCENT_COLOR_NAME = AccentColor;
				CODE_SIGN_STYLE = Automatic;
				CURRENT_PROJECT_VERSION = 1;
				GENERATE_INFOPLIST_FILE = YES;
				INFOPLIST_FILE = CryptoApp/Info.plist;
				INFOPLIST_KEY_UIApplicationSupportsIndirectInputEvents = YES;
				INFOPLIST_KEY_UILaunchStoryboardName = LaunchScreen;
				INFOPLIST_KEY_UISupportedInterfaceOrientations_iPad = "UIInterfaceOrientationPortrait UIInterfaceOrientationPortraitUpsideDown UIInterfaceOrientationLandscapeLeft UIInterfaceOrientationLandscapeRight";
				INFOPLIST_KEY_UISupportedInterfaceOrientations_iPhone = "UIInterfaceOrientationPortrait UIInterfaceOrientationLandscapeLeft UIInterfaceOrientationLandscapeRight";
				LD_RUNPATH_SEARCH_PATHS = (
					"$(inherited)",
					"@executable_path/Frameworks",
				);
				MARKETING_VERSION = 1.0;
				PRODUCT_BUNDLE_IDENTIFIER = aleksandre.CryptoApp;
				PRODUCT_NAME = "$(TARGET_NAME)";
				SWIFT_EMIT_LOC_STRINGS = YES;
				SWIFT_VERSION = 5.0;
				TARGETED_DEVICE_FAMILY = 1;
			};
			name = Debug;
		};
		9F4B89E727AAED1E0049CCBD /* Release */ = {
			isa = XCBuildConfiguration;
			baseConfigurationReference = 402A5457FEDD289D6A1DC2E5 /* Pods-CryptoApp.release.xcconfig */;
			buildSettings = {
				ASSETCATALOG_COMPILER_APPICON_NAME = AppIcon;
				ASSETCATALOG_COMPILER_GLOBAL_ACCENT_COLOR_NAME = AccentColor;
				CODE_SIGN_STYLE = Automatic;
				CURRENT_PROJECT_VERSION = 1;
				GENERATE_INFOPLIST_FILE = YES;
				INFOPLIST_FILE = CryptoApp/Info.plist;
				INFOPLIST_KEY_UIApplicationSupportsIndirectInputEvents = YES;
				INFOPLIST_KEY_UILaunchStoryboardName = LaunchScreen;
				INFOPLIST_KEY_UISupportedInterfaceOrientations_iPad = "UIInterfaceOrientationPortrait UIInterfaceOrientationPortraitUpsideDown UIInterfaceOrientationLandscapeLeft UIInterfaceOrientationLandscapeRight";
				INFOPLIST_KEY_UISupportedInterfaceOrientations_iPhone = "UIInterfaceOrientationPortrait UIInterfaceOrientationLandscapeLeft UIInterfaceOrientationLandscapeRight";
				LD_RUNPATH_SEARCH_PATHS = (
					"$(inherited)",
					"@executable_path/Frameworks",
				);
				MARKETING_VERSION = 1.0;
				PRODUCT_BUNDLE_IDENTIFIER = aleksandre.CryptoApp;
				PRODUCT_NAME = "$(TARGET_NAME)";
				SWIFT_EMIT_LOC_STRINGS = YES;
				SWIFT_VERSION = 5.0;
				TARGETED_DEVICE_FAMILY = 1;
			};
			name = Release;
		};
/* End XCBuildConfiguration section */

/* Begin XCConfigurationList section */
		9F4B89CC27AAED1C0049CCBD /* Build configuration list for PBXProject "CryptoApp" */ = {
			isa = XCConfigurationList;
			buildConfigurations = (
				9F4B89E327AAED1E0049CCBD /* Debug */,
				9F4B89E427AAED1E0049CCBD /* Release */,
			);
			defaultConfigurationIsVisible = 0;
			defaultConfigurationName = Release;
		};
		9F4B89E527AAED1E0049CCBD /* Build configuration list for PBXNativeTarget "CryptoApp" */ = {
			isa = XCConfigurationList;
			buildConfigurations = (
				9F4B89E627AAED1E0049CCBD /* Debug */,
				9F4B89E727AAED1E0049CCBD /* Release */,
			);
			defaultConfigurationIsVisible = 0;
			defaultConfigurationName = Release;
		};
/* End XCConfigurationList section */
	};
	rootObject = 9F4B89C927AAED1C0049CCBD /* Project object */;
}
